
Microsoft Visual Studio Solution File, Format Version 12.00
# Visual Studio Version 17
VisualStudioVersion = 17.5.002.0
MinimumVisualStudioVersion = 10.0.40219.1
Project("{9A19103F-16F7-4668-BE54-9A1E7A4F7556}") = "PetroServer", "PetroServer\PetroServer.csproj", "{C2DCE72D-9C13-47B0-8A57-9F8E1BDCD154}"
EndProject
Global
	GlobalSection(SolutionConfigurationPlatforms) = preSolution
		Debug|Any CPU = Debug|Any CPU
		Release|Any CPU = Release|Any CPU
	EndGlobalSection
	GlobalSection(ProjectConfigurationPlatforms) = postSolution
		{C2DCE72D-9C13-47B0-8A57-9F8E1BDCD154}.Debug|Any CPU.ActiveCfg = Debug|Any CPU
		{C2DCE72D-9C13-47B0-8A57-9F8E1BDCD154}.Debug|Any CPU.Build.0 = Debug|Any CPU
		{C2DCE72D-9C13-47B0-8A57-9F8E1BDCD154}.Release|Any CPU.ActiveCfg = Release|Any CPU
		{C2DCE72D-9C13-47B0-8A57-9F8E1BDCD154}.Release|Any CPU.Build.0 = Release|Any CPU
	EndGlobalSection
	GlobalSection(SolutionProperties) = preSolution
		HideSolutionNode = FALSE
	EndGlobalSection
	GlobalSection(ExtensibilityGlobals) = postSolution
		SolutionGuid = {410E2A8C-EC81-49F7-B5FC-CC1E4F60B8E8}
	EndGlobalSection
EndGlobal
