
Microsoft Visual Studio Solution File, Format Version 12.00
# Visual Studio Version 17
VisualStudioVersion = 17.5.2.0
MinimumVisualStudioVersion = 10.0.40219.1
Project("{9A19103F-16F7-4668-BE54-9A1E7A4F7556}") = "PetroServer", "PetroServer\PetroServer.csproj", "{C2DCE72D-9C13-47B0-8A57-9F8E1BDCD154}"
EndProject
Project("{FAE04EC0-301F-11D3-BF4B-00C04F79EFBC}") = "MQTTHandler", "MQTTHandler\MQTTHandler.csproj", "{2B0D9813-286F-4FB5-AB1A-76C309B78D2B}"
EndProject
Project("{FAE04EC0-301F-11D3-BF4B-00C04F79EFBC}") = "YarpGateway", "YarpGateway\YarpGateway.csproj", "{D7B07D3A-24C2-4896-8CEB-AF23D4542DC9}"
EndProject
Global
	GlobalSection(SolutionConfigurationPlatforms) = preSolution
		Debug|Any CPU = Debug|Any CPU
		Debug|x64 = Debug|x64
		Debug|x86 = Debug|x86
		Release|Any CPU = Release|Any CPU
		Release|x64 = Release|x64
		Release|x86 = Release|x86
	EndGlobalSection
	GlobalSection(ProjectConfigurationPlatforms) = postSolution
		{C2DCE72D-9C13-47B0-8A57-9F8E1BDCD154}.Debug|Any CPU.ActiveCfg = Debug|Any CPU
		{C2DCE72D-9C13-47B0-8A57-9F8E1BDCD154}.Debug|Any CPU.Build.0 = Debug|Any CPU
		{C2DCE72D-9C13-47B0-8A57-9F8E1BDCD154}.Debug|x64.ActiveCfg = Debug|Any CPU
		{C2DCE72D-9C13-47B0-8A57-9F8E1BDCD154}.Debug|x64.Build.0 = Debug|Any CPU
		{C2DCE72D-9C13-47B0-8A57-9F8E1BDCD154}.Debug|x86.ActiveCfg = Debug|Any CPU
		{C2DCE72D-9C13-47B0-8A57-9F8E1BDCD154}.Debug|x86.Build.0 = Debug|Any CPU
		{C2DCE72D-9C13-47B0-8A57-9F8E1BDCD154}.Release|Any CPU.ActiveCfg = Release|Any CPU
		{C2DCE72D-9C13-47B0-8A57-9F8E1BDCD154}.Release|Any CPU.Build.0 = Release|Any CPU
		{C2DCE72D-9C13-47B0-8A57-9F8E1BDCD154}.Release|x64.ActiveCfg = Release|Any CPU
		{C2DCE72D-9C13-47B0-8A57-9F8E1BDCD154}.Release|x64.Build.0 = Release|Any CPU
		{C2DCE72D-9C13-47B0-8A57-9F8E1BDCD154}.Release|x86.ActiveCfg = Release|Any CPU
		{C2DCE72D-9C13-47B0-8A57-9F8E1BDCD154}.Release|x86.Build.0 = Release|Any CPU
		{2B0D9813-286F-4FB5-AB1A-76C309B78D2B}.Debug|Any CPU.ActiveCfg = Debug|Any CPU
		{2B0D9813-286F-4FB5-AB1A-76C309B78D2B}.Debug|Any CPU.Build.0 = Debug|Any CPU
		{2B0D9813-286F-4FB5-AB1A-76C309B78D2B}.Debug|x64.ActiveCfg = Debug|Any CPU
		{2B0D9813-286F-4FB5-AB1A-76C309B78D2B}.Debug|x64.Build.0 = Debug|Any CPU
		{2B0D9813-286F-4FB5-AB1A-76C309B78D2B}.Debug|x86.ActiveCfg = Debug|Any CPU
		{2B0D9813-286F-4FB5-AB1A-76C309B78D2B}.Debug|x86.Build.0 = Debug|Any CPU
		{2B0D9813-286F-4FB5-AB1A-76C309B78D2B}.Release|Any CPU.ActiveCfg = Release|Any CPU
		{2B0D9813-286F-4FB5-AB1A-76C309B78D2B}.Release|Any CPU.Build.0 = Release|Any CPU
		{2B0D9813-286F-4FB5-AB1A-76C309B78D2B}.Release|x64.ActiveCfg = Release|Any CPU
		{2B0D9813-286F-4FB5-AB1A-76C309B78D2B}.Release|x64.Build.0 = Release|Any CPU
		{2B0D9813-286F-4FB5-AB1A-76C309B78D2B}.Release|x86.ActiveCfg = Release|Any CPU
		{2B0D9813-286F-4FB5-AB1A-76C309B78D2B}.Release|x86.Build.0 = Release|Any CPU
		{D7B07D3A-24C2-4896-8CEB-AF23D4542DC9}.Debug|Any CPU.ActiveCfg = Debug|Any CPU
		{D7B07D3A-24C2-4896-8CEB-AF23D4542DC9}.Debug|Any CPU.Build.0 = Debug|Any CPU
		{D7B07D3A-24C2-4896-8CEB-AF23D4542DC9}.Debug|x64.ActiveCfg = Debug|Any CPU
		{D7B07D3A-24C2-4896-8CEB-AF23D4542DC9}.Debug|x64.Build.0 = Debug|Any CPU
		{D7B07D3A-24C2-4896-8CEB-AF23D4542DC9}.Debug|x86.ActiveCfg = Debug|Any CPU
		{D7B07D3A-24C2-4896-8CEB-AF23D4542DC9}.Debug|x86.Build.0 = Debug|Any CPU
		{D7B07D3A-24C2-4896-8CEB-AF23D4542DC9}.Release|Any CPU.ActiveCfg = Release|Any CPU
		{D7B07D3A-24C2-4896-8CEB-AF23D4542DC9}.Release|Any CPU.Build.0 = Release|Any CPU
		{D7B07D3A-24C2-4896-8CEB-AF23D4542DC9}.Release|x64.ActiveCfg = Release|Any CPU
		{D7B07D3A-24C2-4896-8CEB-AF23D4542DC9}.Release|x64.Build.0 = Release|Any CPU
		{D7B07D3A-24C2-4896-8CEB-AF23D4542DC9}.Release|x86.ActiveCfg = Release|Any CPU
		{D7B07D3A-24C2-4896-8CEB-AF23D4542DC9}.Release|x86.Build.0 = Release|Any CPU
	EndGlobalSection
	GlobalSection(SolutionProperties) = preSolution
		HideSolutionNode = FALSE
	EndGlobalSection
	GlobalSection(ExtensibilityGlobals) = postSolution
		SolutionGuid = {410E2A8C-EC81-49F7-B5FC-CC1E4F60B8E8}
	EndGlobalSection
EndGlobal
